<?xml version="1.0" encoding="utf-8"?>
<Project ToolsVersion="4.0" xmlns="http://schemas.microsoft.com/developer/msbuild/2003">
  <ItemGroup>
    <Filter Include="Source Files">
      <UniqueIdentifier>{4FC737F1-C7A5-4376-A066-2A32D752A2FF}</UniqueIdentifier>
      <Extensions>cpp;c;cc;cxx;c++;cppm;ixx;def;odl;idl;hpj;bat;asm;asmx</Extensions>
    </Filter>
    <Filter Include="Header Files">
      <UniqueIdentifier>{93995380-89BD-4b04-88EB-625FBE52EBFB}</UniqueIdentifier>
      <Extensions>h;hh;hpp;hxx;h++;hm;inl;inc;ipp;xsd</Extensions>
    </Filter>
    <Filter Include="Resource Files">
      <UniqueIdentifier>{67DA6AB6-F800-4c08-8B7A-83BB121AAD01}</UniqueIdentifier>
      <Extensions>rc;ico;cur;bmp;dlg;rc2;rct;bin;rgs;gif;jpg;jpeg;jpe;resx;tiff;tif;png;wav;mfcribbon-ms</Extensions>
    </Filter>
    <Filter Include="Gui">
      <UniqueIdentifier>{dc084d91-872c-402f-90d5-cee4f0058a3b}</UniqueIdentifier>
    </Filter>
    <Filter Include="Config">
      <UniqueIdentifier>{a2575cf2-c58c-4ffd-8f8d-62c17ee04769}</UniqueIdentifier>
    </Filter>
    <Filter Include="XML">
      <UniqueIdentifier>{aaf094c7-eb95-49ef-9b90-63fc2f0c398a}</UniqueIdentifier>
    </Filter>
    <Filter Include="Utils">
      <UniqueIdentifier>{142b354d-dbf7-418e-8ae1-47b0e91f49e1}</UniqueIdentifier>
    </Filter>
    <Filter Include="Gui\Controls">
      <UniqueIdentifier>{51e600f2-1ad8-46c9-93db-993a9d6da2de}</UniqueIdentifier>
    </Filter>
    <Filter Include="Hook">
      <UniqueIdentifier>{27f6ffe5-13e7-4881-b4ae-392d877265bf}</UniqueIdentifier>
    </Filter>
  </ItemGroup>
  <ItemGroup>
    <ClInclude Include="framework.h">
      <Filter>Header Files</Filter>
    </ClInclude>
    <ClInclude Include="targetver.h">
      <Filter>Header Files</Filter>
    </ClInclude>
    <ClInclude Include="Resource.h">
      <Filter>Header Files</Filter>
    </ClInclude>
    <ClInclude Include="pch.h">
      <Filter>Header Files</Filter>
    </ClInclude>
    <ClInclude Include="MainDialog.h">
      <Filter>Gui</Filter>
    </ClInclude>
    <ClInclude Include="rapidxml\rapidxml.hpp">
      <Filter>XML</Filter>
    </ClInclude>
    <ClInclude Include="rapidxml\rapidxml_iterators.hpp">
      <Filter>XML</Filter>
    </ClInclude>
    <ClInclude Include="rapidxml\rapidxml_print.hpp">
      <Filter>XML</Filter>
    </ClInclude>
    <ClInclude Include="rapidxml\rapidxml_utils.hpp">
      <Filter>XML</Filter>
    </ClInclude>
    <ClInclude Include="Config.h">
      <Filter>Config</Filter>
    </ClInclude>
    <ClInclude Include="rapidxml_wrap.hpp">
      <Filter>XML</Filter>
    </ClInclude>
    <ClInclude Include="StringUtil.h">
      <Filter>Utils</Filter>
    </ClInclude>
    <ClInclude Include="FileUtil.h">
      <Filter>Utils</Filter>
    </ClInclude>
    <ClInclude Include="Window.h">
      <Filter>Gui\Controls</Filter>
    </ClInclude>
    <ClInclude Include="Dialog.h">
      <Filter>Gui\Controls</Filter>
    </ClInclude>
    <ClInclude Include="ListView.h">
      <Filter>Gui\Controls</Filter>
    </ClInclude>
    <ClInclude Include="Control.h">
      <Filter>Gui\Controls</Filter>
    </ClInclude>
    <ClInclude Include="StatusBar.h">
      <Filter>Gui\Controls</Filter>
    </ClInclude>
    <ClInclude Include="Button.h">
      <Filter>Gui\Controls</Filter>
    </ClInclude>
    <ClInclude Include="Message.h">
      <Filter>Gui\Controls</Filter>
    </ClInclude>
    <ClInclude Include="Bypass.h">
      <Filter>Hook</Filter>
    </ClInclude>
    <ClInclude Include="Logger.h">
      <Filter>Utils</Filter>
    </ClInclude>
    <ClInclude Include="ProcessUtil.h">
      <Filter>Utils</Filter>
    </ClInclude>
  </ItemGroup>
  <ItemGroup>
    <ClCompile Include="KY-Vaccinator.cpp">
      <Filter>Source Files</Filter>
    </ClCompile>
    <ClCompile Include="pch.cpp">
      <Filter>Source Files</Filter>
    </ClCompile>
    <ClCompile Include="MainDialog.cpp">
      <Filter>Gui</Filter>
    </ClCompile>
    <ClCompile Include="FileUtil.cpp">
      <Filter>Utils</Filter>
    </ClCompile>
    <ClCompile Include="Config.cpp">
      <Filter>Config</Filter>
    </ClCompile>
    <ClCompile Include="Routines.cpp">
      <Filter>Gui</Filter>
    </ClCompile>
    <ClCompile Include="Bypass.cpp">
      <Filter>Hook</Filter>
    </ClCompile>
    <ClCompile Include="ProcessUtil.cpp">
      <Filter>Utils</Filter>
    </ClCompile>
  </ItemGroup>
  <ItemGroup>
    <ResourceCompile Include="KY-Vaccinator.rc">
      <Filter>Resource Files</Filter>
    </ResourceCompile>
  </ItemGroup>
  <ItemGroup>
    <Image Include="favicon.ico">
      <Filter>Resource Files</Filter>
    </Image>
  </ItemGroup>
</Project>